
Microsoft Visual Studio Solution File, Format Version 12.00
# Visual Studio 15
Project("{FAE04EC0-301F-11D3-BF4B-00C04F79EFBC}") = "Assembly-CSharp", "Assembly-CSharp.csproj", "{0DEE0F22-36C1-5F3A-B7BD-84A9E983CC1D}"
EndProject
Project("{FAE04EC0-301F-11D3-BF4B-00C04F79EFBC}") = "Assembly-CSharp-Editor", "Assembly-CSharp-Editor.csproj", "{862EBA27-0151-51A9-BE76-15E0AB179136}"
EndProject
Global
	GlobalSection(SolutionConfigurationPlatforms) = preSolution
		Debug|Any CPU = Debug|Any CPU
		Release|Any CPU = Release|Any CPU
	EndGlobalSection
	GlobalSection(ProjectConfigurationPlatforms) = postSolution
		{0DEE0F22-36C1-5F3A-B7BD-84A9E983CC1D}.Debug|Any CPU.ActiveCfg = Debug|Any CPU
		{0DEE0F22-36C1-5F3A-B7BD-84A9E983CC1D}.Debug|Any CPU.Build.0 = Debug|Any CPU
		{0DEE0F22-36C1-5F3A-B7BD-84A9E983CC1D}.Release|Any CPU.ActiveCfg = Release|Any CPU
		{0DEE0F22-36C1-5F3A-B7BD-84A9E983CC1D}.Release|Any CPU.Build.0 = Release|Any CPU
		{862EBA27-0151-51A9-BE76-15E0AB179136}.Debug|Any CPU.ActiveCfg = Debug|Any CPU
		{862EBA27-0151-51A9-BE76-15E0AB179136}.Debug|Any CPU.Build.0 = Debug|Any CPU
		{862EBA27-0151-51A9-BE76-15E0AB179136}.Release|Any CPU.ActiveCfg = Release|Any CPU
		{862EBA27-0151-51A9-BE76-15E0AB179136}.Release|Any CPU.Build.0 = Release|Any CPU
	EndGlobalSection
	GlobalSection(SolutionProperties) = preSolution
		HideSolutionNode = FALSE
	EndGlobalSection
EndGlobal
